// !$*UTF8*$!
{
	archiveVersion = 1;
	classes = {
	};
	objectVersion = 51;
	objects = {

/* Begin PBXBuildFile section */
		BC62F87E251B45830040589C /* HistoryViewController.swift in Sources */ = {isa = PBXBuildFile; fileRef = BC62F87D251B45830040589C /* HistoryViewController.swift */; };
		BC62F880251DB86D0040589C /* KomaData.swift in Sources */ = {isa = PBXBuildFile; fileRef = BC62F87F251DB86D0040589C /* KomaData.swift */; };
		BC62F882251E509D0040589C /* GoogleService-Info.plist in Resources */ = {isa = PBXBuildFile; fileRef = BC62F881251E509D0040589C /* GoogleService-Info.plist */; };
		BCEF62652519AE4F0058520E /* AppDelegate.swift in Sources */ = {isa = PBXBuildFile; fileRef = BCEF62642519AE4F0058520E /* AppDelegate.swift */; };
		BCEF62672519AE4F0058520E /* SceneDelegate.swift in Sources */ = {isa = PBXBuildFile; fileRef = BCEF62662519AE4F0058520E /* SceneDelegate.swift */; };
		BCEF62692519AE4F0058520E /* ViewController.swift in Sources */ = {isa = PBXBuildFile; fileRef = BCEF62682519AE4F0058520E /* ViewController.swift */; };
		BCEF626C2519AE4F0058520E /* Main.storyboard in Resources */ = {isa = PBXBuildFile; fileRef = BCEF626A2519AE4F0058520E /* Main.storyboard */; };
		BCEF626E2519AE500058520E /* Assets.xcassets in Resources */ = {isa = PBXBuildFile; fileRef = BCEF626D2519AE500058520E /* Assets.xcassets */; };
		BCEF62712519AE500058520E /* LaunchScreen.storyboard in Resources */ = {isa = PBXBuildFile; fileRef = BCEF626F2519AE500058520E /* LaunchScreen.storyboard */; };
		BCFDE5A3251A233C00BE8EFD /* TopViewController.swift in Sources */ = {isa = PBXBuildFile; fileRef = BCFDE5A2251A233C00BE8EFD /* TopViewController.swift */; };
		D2FBA3900D8B13E854EC3E84 /* Pods_KomaApp.framework in Frameworks */ = {isa = PBXBuildFile; fileRef = 9E67CD96714FF631022F49E2 /* Pods_KomaApp.framework */; };
/* End PBXBuildFile section */

/* Begin PBXFileReference section */
		88315D759A23855957928733 /* Pods-KomaApp.debug.xcconfig */ = {isa = PBXFileReference; includeInIndex = 1; lastKnownFileType = text.xcconfig; name = "Pods-KomaApp.debug.xcconfig"; path = "Target Support Files/Pods-KomaApp/Pods-KomaApp.debug.xcconfig"; sourceTree = "<group>"; };
		9E67CD96714FF631022F49E2 /* Pods_KomaApp.framework */ = {isa = PBXFileReference; explicitFileType = wrapper.framework; includeInIndex = 0; path = Pods_KomaApp.framework; sourceTree = BUILT_PRODUCTS_DIR; };
		BC62F87D251B45830040589C /* HistoryViewController.swift */ = {isa = PBXFileReference; lastKnownFileType = sourcecode.swift; path = HistoryViewController.swift; sourceTree = "<group>"; };
		BC62F87F251DB86D0040589C /* KomaData.swift */ = {isa = PBXFileReference; lastKnownFileType = sourcecode.swift; path = KomaData.swift; sourceTree = "<group>"; };
		BC62F881251E509D0040589C /* GoogleService-Info.plist */ = {isa = PBXFileReference; lastKnownFileType = text.plist; path = "GoogleService-Info.plist"; sourceTree = SOURCE_ROOT; };
		BCEF62612519AE4F0058520E /* KomaApp.app */ = {isa = PBXFileReference; explicitFileType = wrapper.application; includeInIndex = 0; path = KomaApp.app; sourceTree = BUILT_PRODUCTS_DIR; };
		BCEF62642519AE4F0058520E /* AppDelegate.swift */ = {isa = PBXFileReference; lastKnownFileType = sourcecode.swift; path = AppDelegate.swift; sourceTree = "<group>"; };
		BCEF62662519AE4F0058520E /* SceneDelegate.swift */ = {isa = PBXFileReference; lastKnownFileType = sourcecode.swift; path = SceneDelegate.swift; sourceTree = "<group>"; };
		BCEF62682519AE4F0058520E /* ViewController.swift */ = {isa = PBXFileReference; lastKnownFileType = sourcecode.swift; path = ViewController.swift; sourceTree = "<group>"; };
		BCEF626B2519AE4F0058520E /* Base */ = {isa = PBXFileReference; lastKnownFileType = file.storyboard; name = Base; path = Base.lproj/Main.storyboard; sourceTree = "<group>"; };
		BCEF626D2519AE500058520E /* Assets.xcassets */ = {isa = PBXFileReference; lastKnownFileType = folder.assetcatalog; path = Assets.xcassets; sourceTree = "<group>"; };
		BCEF62702519AE500058520E /* Base */ = {isa = PBXFileReference; lastKnownFileType = file.storyboard; name = Base; path = Base.lproj/LaunchScreen.storyboard; sourceTree = "<group>"; };
		BCEF62722519AE500058520E /* Info.plist */ = {isa = PBXFileReference; lastKnownFileType = text.plist.xml; path = Info.plist; sourceTree = "<group>"; };
		BCFDE5A2251A233C00BE8EFD /* TopViewController.swift */ = {isa = PBXFileReference; lastKnownFileType = sourcecode.swift; path = TopViewController.swift; sourceTree = "<group>"; };
		D673A71FBFF3A52A25E1B776 /* Pods-KomaApp.release.xcconfig */ = {isa = PBXFileReference; includeInIndex = 1; lastKnownFileType = text.xcconfig; name = "Pods-KomaApp.release.xcconfig"; path = "Target Support Files/Pods-KomaApp/Pods-KomaApp.release.xcconfig"; sourceTree = "<group>"; };
/* End PBXFileReference section */

/* Begin PBXFrameworksBuildPhase section */
		BCEF625E2519AE4F0058520E /* Frameworks */ = {
			isa = PBXFrameworksBuildPhase;
			buildActionMask = 2147483647;
			files = (
				D2FBA3900D8B13E854EC3E84 /* Pods_KomaApp.framework in Frameworks */,
			);
			runOnlyForDeploymentPostprocessing = 0;
		};
/* End PBXFrameworksBuildPhase section */

/* Begin PBXGroup section */
		0F517AD45E60D5EB8FE4A091 /* Frameworks */ = {
			isa = PBXGroup;
			children = (
				9E67CD96714FF631022F49E2 /* Pods_KomaApp.framework */,
			);
			name = Frameworks;
			sourceTree = "<group>";
		};
		BCEF62582519AE4F0058520E = {
			isa = PBXGroup;
			children = (
				BCEF62632519AE4F0058520E /* KomaApp */,
				BCEF62622519AE4F0058520E /* Products */,
				BF6AC9E825E95B5AFB55F502 /* Pods */,
				0F517AD45E60D5EB8FE4A091 /* Frameworks */,
			);
			sourceTree = "<group>";
		};
		BCEF62622519AE4F0058520E /* Products */ = {
			isa = PBXGroup;
			children = (
				BCEF62612519AE4F0058520E /* KomaApp.app */,
			);
			name = Products;
			sourceTree = "<group>";
		};
		BCEF62632519AE4F0058520E /* KomaApp */ = {
			isa = PBXGroup;
			children = (
				BCEF62642519AE4F0058520E /* AppDelegate.swift */,
				BCEF62662519AE4F0058520E /* SceneDelegate.swift */,
				BC62F87F251DB86D0040589C /* KomaData.swift */,
				BCFDE5A2251A233C00BE8EFD /* TopViewController.swift */,
				BCEF62682519AE4F0058520E /* ViewController.swift */,
				BC62F87D251B45830040589C /* HistoryViewController.swift */,
				BCEF626A2519AE4F0058520E /* Main.storyboard */,
				BCEF626D2519AE500058520E /* Assets.xcassets */,
				BCEF626F2519AE500058520E /* LaunchScreen.storyboard */,
				BCEF62722519AE500058520E /* Info.plist */,
				BC62F881251E509D0040589C /* GoogleService-Info.plist */,
			);
			path = KomaApp;
			sourceTree = "<group>";
		};
		BF6AC9E825E95B5AFB55F502 /* Pods */ = {
			isa = PBXGroup;
			children = (
				88315D759A23855957928733 /* Pods-KomaApp.debug.xcconfig */,
				D673A71FBFF3A52A25E1B776 /* Pods-KomaApp.release.xcconfig */,
			);
			path = Pods;
			sourceTree = "<group>";
		};
/* End PBXGroup section */

/* Begin PBXNativeTarget section */
		BCEF62602519AE4F0058520E /* KomaApp */ = {
			isa = PBXNativeTarget;
			buildConfigurationList = BCEF62752519AE500058520E /* Build configuration list for PBXNativeTarget "KomaApp" */;
			buildPhases = (
				19F1A756ACCA254548D2CE57 /* [CP] Check Pods Manifest.lock */,
				BCEF625D2519AE4F0058520E /* Sources */,
				BCEF625E2519AE4F0058520E /* Frameworks */,
				BCEF625F2519AE4F0058520E /* Resources */,
				98FFA7945EA32BC31D5DF201 /* [CP] Embed Pods Frameworks */,
			);
			buildRules = (
			);
			dependencies = (
			);
			name = KomaApp;
			productName = KomaApp;
			productReference = BCEF62612519AE4F0058520E /* KomaApp.app */;
			productType = "com.apple.product-type.application";
		};
/* End PBXNativeTarget section */

/* Begin PBXProject section */
		BCEF62592519AE4F0058520E /* Project object */ = {
			isa = PBXProject;
			attributes = {
				LastSwiftUpdateCheck = 1170;
				LastUpgradeCheck = 1170;
				ORGANIZATIONNAME = shuichiama.com;
				TargetAttributes = {
					BCEF62602519AE4F0058520E = {
						CreatedOnToolsVersion = 11.7;
					};
				};
			};
			buildConfigurationList = BCEF625C2519AE4F0058520E /* Build configuration list for PBXProject "KomaApp" */;
			compatibilityVersion = "Xcode 9.3";
			developmentRegion = en;
			hasScannedForEncodings = 0;
			knownRegions = (
				en,
				Base,
			);
			mainGroup = BCEF62582519AE4F0058520E;
			productRefGroup = BCEF62622519AE4F0058520E /* Products */;
			projectDirPath = "";
			projectRoot = "";
			targets = (
				BCEF62602519AE4F0058520E /* KomaApp */,
			);
		};
/* End PBXProject section */

/* Begin PBXResourcesBuildPhase section */
		BCEF625F2519AE4F0058520E /* Resources */ = {
			isa = PBXResourcesBuildPhase;
			buildActionMask = 2147483647;
			files = (
				BCEF62712519AE500058520E /* LaunchScreen.storyboard in Resources */,
				BC62F882251E509D0040589C /* GoogleService-Info.plist in Resources */,
				BCEF626E2519AE500058520E /* Assets.xcassets in Resources */,
				BCEF626C2519AE4F0058520E /* Main.storyboard in Resources */,
			);
			runOnlyForDeploymentPostprocessing = 0;
		};
/* End PBXResourcesBuildPhase section */

/* Begin PBXShellScriptBuildPhase section */
		19F1A756ACCA254548D2CE57 /* [CP] Check Pods Manifest.lock */ = {
			isa = PBXShellScriptBuildPhase;
			buildActionMask = 2147483647;
			files = (
			);
			inputFileListPaths = (
			);
			inputPaths = (
				"${PODS_PODFILE_DIR_PATH}/Podfile.lock",
				"${PODS_ROOT}/Manifest.lock",
			);
			name = "[CP] Check Pods Manifest.lock";
			outputFileListPaths = (
			);
			outputPaths = (
				"$(DERIVED_FILE_DIR)/Pods-KomaApp-checkManifestLockResult.txt",
			);
			runOnlyForDeploymentPostprocessing = 0;
			shellPath = /bin/sh;
			shellScript = "diff \"${PODS_PODFILE_DIR_PATH}/Podfile.lock\" \"${PODS_ROOT}/Manifest.lock\" > /dev/null\nif [ $? != 0 ] ; then\n    # print error to STDERR\n    echo \"error: The sandbox is not in sync with the Podfile.lock. Run 'pod install' or update your CocoaPods installation.\" >&2\n    exit 1\nfi\n# This output is used by Xcode 'outputs' to avoid re-running this script phase.\necho \"SUCCESS\" > \"${SCRIPT_OUTPUT_FILE_0}\"\n";
			showEnvVarsInLog = 0;
		};
		98FFA7945EA32BC31D5DF201 /* [CP] Embed Pods Frameworks */ = {
			isa = PBXShellScriptBuildPhase;
			buildActionMask = 2147483647;
			files = (
			);
			inputFileListPaths = (
				"${PODS_ROOT}/Target Support Files/Pods-KomaApp/Pods-KomaApp-frameworks-${CONFIGURATION}-input-files.xcfilelist",
			);
			name = "[CP] Embed Pods Frameworks";
			outputFileListPaths = (
				"${PODS_ROOT}/Target Support Files/Pods-KomaApp/Pods-KomaApp-frameworks-${CONFIGURATION}-output-files.xcfilelist",
			);
			runOnlyForDeploymentPostprocessing = 0;
			shellPath = /bin/sh;
			shellScript = "\"${PODS_ROOT}/Target Support Files/Pods-KomaApp/Pods-KomaApp-frameworks.sh\"\n";
			showEnvVarsInLog = 0;
		};
/* End PBXShellScriptBuildPhase section */

/* Begin PBXSourcesBuildPhase section */
		BCEF625D2519AE4F0058520E /* Sources */ = {
			isa = PBXSourcesBuildPhase;
			buildActionMask = 2147483647;
			files = (
				BCFDE5A3251A233C00BE8EFD /* TopViewController.swift in Sources */,
				BCEF62692519AE4F0058520E /* ViewController.swift in Sources */,
				BCEF62652519AE4F0058520E /* AppDelegate.swift in Sources */,
				BC62F87E251B45830040589C /* HistoryViewController.swift in Sources */,
				BCEF62672519AE4F0058520E /* SceneDelegate.swift in Sources */,
				BC62F880251DB86D0040589C /* KomaData.swift in Sources */,
			);
			runOnlyForDeploymentPostprocessing = 0;
		};
/* End PBXSourcesBuildPhase section */

/* Begin PBXVariantGroup section */
		BCEF626A2519AE4F0058520E /* Main.storyboard */ = {
			isa = PBXVariantGroup;
			children = (
				BCEF626B2519AE4F0058520E /* Base */,
			);
			name = Main.storyboard;
			sourceTree = "<group>";
		};
		BCEF626F2519AE500058520E /* LaunchScreen.storyboard */ = {
			isa = PBXVariantGroup;
			children = (
				BCEF62702519AE500058520E /* Base */,
			);
			name = LaunchScreen.storyboard;
			sourceTree = "<group>";
		};
/* End PBXVariantGroup section */

/* Begin XCBuildConfiguration section */
		BCEF62732519AE500058520E /* Debug */ = {
			isa = XCBuildConfiguration;
			buildSettings = {
				ALWAYS_SEARCH_USER_PATHS = NO;
				CLANG_ANALYZER_NONNULL = YES;
				CLANG_ANALYZER_NUMBER_OBJECT_CONVERSION = YES_AGGRESSIVE;
				CLANG_CXX_LANGUAGE_STANDARD = "gnu++14";
				CLANG_CXX_LIBRARY = "libc++";
				CLANG_ENABLE_MODULES = YES;
				CLANG_ENABLE_OBJC_ARC = YES;
				CLANG_ENABLE_OBJC_WEAK = YES;
				CLANG_WARN_BLOCK_CAPTURE_AUTORELEASING = YES;
				CLANG_WARN_BOOL_CONVERSION = YES;
				CLANG_WARN_COMMA = YES;
				CLANG_WARN_CONSTANT_CONVERSION = YES;
				CLANG_WARN_DEPRECATED_OBJC_IMPLEMENTATIONS = YES;
				CLANG_WARN_DIRECT_OBJC_ISA_USAGE = YES_ERROR;
				CLANG_WARN_DOCUMENTATION_COMMENTS = YES;
				CLANG_WARN_EMPTY_BODY = YES;
				CLANG_WARN_ENUM_CONVERSION = YES;
				CLANG_WARN_INFINITE_RECURSION = YES;
				CLANG_WARN_INT_CONVERSION = YES;
				CLANG_WARN_NON_LITERAL_NULL_CONVERSION = YES;
				CLANG_WARN_OBJC_IMPLICIT_RETAIN_SELF = YES;
				CLANG_WARN_OBJC_LITERAL_CONVERSION = YES;
				CLANG_WARN_OBJC_ROOT_CLASS = YES_ERROR;
				CLANG_WARN_RANGE_LOOP_ANALYSIS = YES;
				CLANG_WARN_STRICT_PROTOTYPES = YES;
				CLANG_WARN_SUSPICIOUS_MOVE = YES;
				CLANG_WARN_UNGUARDED_AVAILABILITY = YES_AGGRESSIVE;
				CLANG_WARN_UNREACHABLE_CODE = YES;
				CLANG_WARN__DUPLICATE_METHOD_MATCH = YES;
				COPY_PHASE_STRIP = NO;
				DEBUG_INFORMATION_FORMAT = dwarf;
				ENABLE_STRICT_OBJC_MSGSEND = YES;
				ENABLE_TESTABILITY = YES;
				GCC_C_LANGUAGE_STANDARD = gnu11;
				GCC_DYNAMIC_NO_PIC = NO;
				GCC_NO_COMMON_BLOCKS = YES;
				GCC_OPTIMIZATION_LEVEL = 0;
				GCC_PREPROCESSOR_DEFINITIONS = (
					"DEBUG=1",
					"$(inherited)",
				);
				GCC_WARN_64_TO_32_BIT_CONVERSION = YES;
				GCC_WARN_ABOUT_RETURN_TYPE = YES_ERROR;
				GCC_WARN_UNDECLARED_SELECTOR = YES;
				GCC_WARN_UNINITIALIZED_AUTOS = YES_AGGRESSIVE;
				GCC_WARN_UNUSED_FUNCTION = YES;
				GCC_WARN_UNUSED_VARIABLE = YES;
				IPHONEOS_DEPLOYMENT_TARGET = 13.7;
				MTL_ENABLE_DEBUG_INFO = INCLUDE_SOURCE;
				MTL_FAST_MATH = YES;
				ONLY_ACTIVE_ARCH = YES;
				SDKROOT = iphoneos;
				SWIFT_ACTIVE_COMPILATION_CONDITIONS = DEBUG;
				SWIFT_OPTIMIZATION_LEVEL = "-Onone";
			};
			name = Debug;
		};
		BCEF62742519AE500058520E /* Release */ = {
			isa = XCBuildConfiguration;
			buildSettings = {
				ALWAYS_SEARCH_USER_PATHS = NO;
				CLANG_ANALYZER_NONNULL = YES;
				CLANG_ANALYZER_NUMBER_OBJECT_CONVERSION = YES_AGGRESSIVE;
				CLANG_CXX_LANGUAGE_STANDARD = "gnu++14";
				CLANG_CXX_LIBRARY = "libc++";
				CLANG_ENABLE_MODULES = YES;
				CLANG_ENABLE_OBJC_ARC = YES;
				CLANG_ENABLE_OBJC_WEAK = YES;
				CLANG_WARN_BLOCK_CAPTURE_AUTORELEASING = YES;
				CLANG_WARN_BOOL_CONVERSION = YES;
				CLANG_WARN_COMMA = YES;
				CLANG_WARN_CONSTANT_CONVERSION = YES;
				CLANG_WARN_DEPRECATED_OBJC_IMPLEMENTATIONS = YES;
				CLANG_WARN_DIRECT_OBJC_ISA_USAGE = YES_ERROR;
				CLANG_WARN_DOCUMENTATION_COMMENTS = YES;
				CLANG_WARN_EMPTY_BODY = YES;
				CLANG_WARN_ENUM_CONVERSION = YES;
				CLANG_WARN_INFINITE_RECURSION = YES;
				CLANG_WARN_INT_CONVERSION = YES;
				CLANG_WARN_NON_LITERAL_NULL_CONVERSION = YES;
				CLANG_WARN_OBJC_IMPLICIT_RETAIN_SELF = YES;
				CLANG_WARN_OBJC_LITERAL_CONVERSION = YES;
				CLANG_WARN_OBJC_ROOT_CLASS = YES_ERROR;
				CLANG_WARN_RANGE_LOOP_ANALYSIS = YES;
				CLANG_WARN_STRICT_PROTOTYPES = YES;
				CLANG_WARN_SUSPICIOUS_MOVE = YES;
				CLANG_WARN_UNGUARDED_AVAILABILITY = YES_AGGRESSIVE;
				CLANG_WARN_UNREACHABLE_CODE = YES;
				CLANG_WARN__DUPLICATE_METHOD_MATCH = YES;
				COPY_PHASE_STRIP = NO;
				DEBUG_INFORMATION_FORMAT = "dwarf-with-dsym";
				ENABLE_NS_ASSERTIONS = NO;
				ENABLE_STRICT_OBJC_MSGSEND = YES;
				GCC_C_LANGUAGE_STANDARD = gnu11;
				GCC_NO_COMMON_BLOCKS = YES;
				GCC_WARN_64_TO_32_BIT_CONVERSION = YES;
				GCC_WARN_ABOUT_RETURN_TYPE = YES_ERROR;
				GCC_WARN_UNDECLARED_SELECTOR = YES;
				GCC_WARN_UNINITIALIZED_AUTOS = YES_AGGRESSIVE;
				GCC_WARN_UNUSED_FUNCTION = YES;
				GCC_WARN_UNUSED_VARIABLE = YES;
				IPHONEOS_DEPLOYMENT_TARGET = 13.7;
				MTL_ENABLE_DEBUG_INFO = NO;
				MTL_FAST_MATH = YES;
				SDKROOT = iphoneos;
				SWIFT_COMPILATION_MODE = wholemodule;
				SWIFT_OPTIMIZATION_LEVEL = "-O";
				VALIDATE_PRODUCT = YES;
			};
			name = Release;
		};
		BCEF62762519AE500058520E /* Debug */ = {
			isa = XCBuildConfiguration;
			baseConfigurationReference = 88315D759A23855957928733 /* Pods-KomaApp.debug.xcconfig */;
			buildSettings = {
				ASSETCATALOG_COMPILER_APPICON_NAME = AppIcon;
				CODE_SIGN_STYLE = Automatic;
				DEVELOPMENT_TEAM = 9T9W9H48HD;
				INFOPLIST_FILE = KomaApp/Info.plist;
				LD_RUNPATH_SEARCH_PATHS = (
					"$(inherited)",
					"@executable_path/Frameworks",
				);
				PRODUCT_BUNDLE_IDENTIFIER = com.shuichiama.KomaApp;
				PRODUCT_NAME = "$(TARGET_NAME)";
				SWIFT_VERSION = 5.0;
				TARGETED_DEVICE_FAMILY = "1,2";
			};
			name = Debug;
		};
		BCEF62772519AE500058520E /* Release */ = {
			isa = XCBuildConfiguration;
			baseConfigurationReference = D673A71FBFF3A52A25E1B776 /* Pods-KomaApp.release.xcconfig */;
			buildSettings = {
				ASSETCATALOG_COMPILER_APPICON_NAME = AppIcon;
				CODE_SIGN_STYLE = Automatic;
				DEVELOPMENT_TEAM = 9T9W9H48HD;
				INFOPLIST_FILE = KomaApp/Info.plist;
				LD_RUNPATH_SEARCH_PATHS = (
					"$(inherited)",
					"@executable_path/Frameworks",
				);
				PRODUCT_BUNDLE_IDENTIFIER = com.shuichiama.KomaApp;
				PRODUCT_NAME = "$(TARGET_NAME)";
				SWIFT_VERSION = 5.0;
				TARGETED_DEVICE_FAMILY = "1,2";
			};
			name = Release;
		};
/* End XCBuildConfiguration section */

/* Begin XCConfigurationList section */
		BCEF625C2519AE4F0058520E /* Build configuration list for PBXProject "KomaApp" */ = {
			isa = XCConfigurationList;
			buildConfigurations = (
				BCEF62732519AE500058520E /* Debug */,
				BCEF62742519AE500058520E /* Release */,
			);
			defaultConfigurationIsVisible = 0;
			defaultConfigurationName = Release;
		};
		BCEF62752519AE500058520E /* Build configuration list for PBXNativeTarget "KomaApp" */ = {
			isa = XCConfigurationList;
			buildConfigurations = (
				BCEF62762519AE500058520E /* Debug */,
				BCEF62772519AE500058520E /* Release */,
			);
			defaultConfigurationIsVisible = 0;
			defaultConfigurationName = Release;
		};
/* End XCConfigurationList section */
	};
	rootObject = BCEF62592519AE4F0058520E /* Project object */;
}
